
Microsoft Visual Studio Solution File, Format Version 12.00
# Visual Studio 15
VisualStudioVersion = 15.0.28307.1022
MinimumVisualStudioVersion = 10.0.40219.1
Project("{FAE04EC0-301F-11D3-BF4B-00C04F79EFBC}") = "Access object not belong to class", "Access object not belong to class.csproj", "{975900E1-5013-44C2-A685-32340ED5F230}"
EndProject
Global
	GlobalSection(SolutionConfigurationPlatforms) = preSolution
		Debug|Any CPU = Debug|Any CPU
		Release|Any CPU = Release|Any CPU
	EndGlobalSection
	GlobalSection(ProjectConfigurationPlatforms) = postSolution
		{975900E1-5013-44C2-A685-32340ED5F230}.Debug|Any CPU.ActiveCfg = Debug|Any CPU
		{975900E1-5013-44C2-A685-32340ED5F230}.Debug|Any CPU.Build.0 = Debug|Any CPU
		{975900E1-5013-44C2-A685-32340ED5F230}.Release|Any CPU.ActiveCfg = Release|Any CPU
		{975900E1-5013-44C2-A685-32340ED5F230}.Release|Any CPU.Build.0 = Release|Any CPU
	EndGlobalSection
	GlobalSection(SolutionProperties) = preSolution
		HideSolutionNode = FALSE
	EndGlobalSection
	GlobalSection(ExtensibilityGlobals) = postSolution
		SolutionGuid = {BCEAF191-F82D-4C44-B3FA-9BC7BA24A8C9}
	EndGlobalSection
EndGlobal
